
Microsoft Visual Studio Solution File, Format Version 12.00
# Visual Studio 15
VisualStudioVersion = 15.0.28010.2046
MinimumVisualStudioVersion = 10.0.40219.1
Project("{FAE04EC0-301F-11D3-BF4B-00C04F79EFBC}") = "FormsButton.Android", "FormsButton\FormsButton.Android\FormsButton.Android.csproj", "{BFC1F6CF-F985-4278-9F8C-69F5F8B0B52F}"
EndProject
Project("{FAE04EC0-301F-11D3-BF4B-00C04F79EFBC}") = "FormsButton.iOS", "FormsButton\FormsButton.iOS\FormsButton.iOS.csproj", "{254E2E6C-24E3-48C8-935F-C9E97DEC8578}"
EndProject
Project("{FAE04EC0-301F-11D3-BF4B-00C04F79EFBC}") = "FormsButton.UWP", "FormsButton\FormsButton.UWP\FormsButton.UWP.csproj", "{7D5D94F4-4D3F-477B-856F-541E5590F539}"
EndProject
Project("{FAE04EC0-301F-11D3-BF4B-00C04F79EFBC}") = "FormsButton", "FormsButton\FormsButton\FormsButton.csproj", "{25E1C051-7D9F-4C78-B5BE-78D7999FC86D}"
EndProject
Global
	GlobalSection(SolutionConfigurationPlatforms) = preSolution
		Ad-Hoc|Any CPU = Ad-Hoc|Any CPU
		Ad-Hoc|ARM = Ad-Hoc|ARM
		Ad-Hoc|iPhone = Ad-Hoc|iPhone
		Ad-Hoc|iPhoneSimulator = Ad-Hoc|iPhoneSimulator
		Ad-Hoc|x64 = Ad-Hoc|x64
		Ad-Hoc|x86 = Ad-Hoc|x86
		AppStore|Any CPU = AppStore|Any CPU
		AppStore|ARM = AppStore|ARM
		AppStore|iPhone = AppStore|iPhone
		AppStore|iPhoneSimulator = AppStore|iPhoneSimulator
		AppStore|x64 = AppStore|x64
		AppStore|x86 = AppStore|x86
		Debug|Any CPU = Debug|Any CPU
		Debug|ARM = Debug|ARM
		Debug|iPhone = Debug|iPhone
		Debug|iPhoneSimulator = Debug|iPhoneSimulator
		Debug|x64 = Debug|x64
		Debug|x86 = Debug|x86
		Release|Any CPU = Release|Any CPU
		Release|ARM = Release|ARM
		Release|iPhone = Release|iPhone
		Release|iPhoneSimulator = Release|iPhoneSimulator
		Release|x64 = Release|x64
		Release|x86 = Release|x86
	EndGlobalSection
	GlobalSection(ProjectConfigurationPlatforms) = postSolution
		{BFC1F6CF-F985-4278-9F8C-69F5F8B0B52F}.Ad-Hoc|Any CPU.ActiveCfg = Release|Any CPU
		{BFC1F6CF-F985-4278-9F8C-69F5F8B0B52F}.Ad-Hoc|Any CPU.Build.0 = Release|Any CPU
		{BFC1F6CF-F985-4278-9F8C-69F5F8B0B52F}.Ad-Hoc|Any CPU.Deploy.0 = Release|Any CPU
		{BFC1F6CF-F985-4278-9F8C-69F5F8B0B52F}.Ad-Hoc|ARM.ActiveCfg = Release|Any CPU
		{BFC1F6CF-F985-4278-9F8C-69F5F8B0B52F}.Ad-Hoc|ARM.Build.0 = Release|Any CPU
		{BFC1F6CF-F985-4278-9F8C-69F5F8B0B52F}.Ad-Hoc|ARM.Deploy.0 = Release|Any CPU
		{BFC1F6CF-F985-4278-9F8C-69F5F8B0B52F}.Ad-Hoc|iPhone.ActiveCfg = Release|Any CPU
		{BFC1F6CF-F985-4278-9F8C-69F5F8B0B52F}.Ad-Hoc|iPhone.Build.0 = Release|Any CPU
		{BFC1F6CF-F985-4278-9F8C-69F5F8B0B52F}.Ad-Hoc|iPhone.Deploy.0 = Release|Any CPU
		{BFC1F6CF-F985-4278-9F8C-69F5F8B0B52F}.Ad-Hoc|iPhoneSimulator.ActiveCfg = Release|Any CPU
		{BFC1F6CF-F985-4278-9F8C-69F5F8B0B52F}.Ad-Hoc|iPhoneSimulator.Build.0 = Release|Any CPU
		{BFC1F6CF-F985-4278-9F8C-69F5F8B0B52F}.Ad-Hoc|iPhoneSimulator.Deploy.0 = Release|Any CPU
		{BFC1F6CF-F985-4278-9F8C-69F5F8B0B52F}.Ad-Hoc|x64.ActiveCfg = Release|Any CPU
		{BFC1F6CF-F985-4278-9F8C-69F5F8B0B52F}.Ad-Hoc|x64.Build.0 = Release|Any CPU
		{BFC1F6CF-F985-4278-9F8C-69F5F8B0B52F}.Ad-Hoc|x64.Deploy.0 = Release|Any CPU
		{BFC1F6CF-F985-4278-9F8C-69F5F8B0B52F}.Ad-Hoc|x86.ActiveCfg = Release|Any CPU
		{BFC1F6CF-F985-4278-9F8C-69F5F8B0B52F}.Ad-Hoc|x86.Build.0 = Release|Any CPU
		{BFC1F6CF-F985-4278-9F8C-69F5F8B0B52F}.Ad-Hoc|x86.Deploy.0 = Release|Any CPU
		{BFC1F6CF-F985-4278-9F8C-69F5F8B0B52F}.AppStore|Any CPU.ActiveCfg = Release|Any CPU
		{BFC1F6CF-F985-4278-9F8C-69F5F8B0B52F}.AppStore|Any CPU.Build.0 = Release|Any CPU
		{BFC1F6CF-F985-4278-9F8C-69F5F8B0B52F}.AppStore|Any CPU.Deploy.0 = Release|Any CPU
		{BFC1F6CF-F985-4278-9F8C-69F5F8B0B52F}.AppStore|ARM.ActiveCfg = Release|Any CPU
		{BFC1F6CF-F985-4278-9F8C-69F5F8B0B52F}.AppStore|ARM.Build.0 = Release|Any CPU
		{BFC1F6CF-F985-4278-9F8C-69F5F8B0B52F}.AppStore|ARM.Deploy.0 = Release|Any CPU
		{BFC1F6CF-F985-4278-9F8C-69F5F8B0B52F}.AppStore|iPhone.ActiveCfg = Release|Any CPU
		{BFC1F6CF-F985-4278-9F8C-69F5F8B0B52F}.AppStore|iPhone.Build.0 = Release|Any CPU
		{BFC1F6CF-F985-4278-9F8C-69F5F8B0B52F}.AppStore|iPhone.Deploy.0 = Release|Any CPU
		{BFC1F6CF-F985-4278-9F8C-69F5F8B0B52F}.AppStore|iPhoneSimulator.ActiveCfg = Release|Any CPU
		{BFC1F6CF-F985-4278-9F8C-69F5F8B0B52F}.AppStore|iPhoneSimulator.Build.0 = Release|Any CPU
		{BFC1F6CF-F985-4278-9F8C-69F5F8B0B52F}.AppStore|iPhoneSimulator.Deploy.0 = Release|Any CPU
		{BFC1F6CF-F985-4278-9F8C-69F5F8B0B52F}.AppStore|x64.ActiveCfg = Release|Any CPU
		{BFC1F6CF-F985-4278-9F8C-69F5F8B0B52F}.AppStore|x64.Build.0 = Release|Any CPU
		{BFC1F6CF-F985-4278-9F8C-69F5F8B0B52F}.AppStore|x64.Deploy.0 = Release|Any CPU
		{BFC1F6CF-F985-4278-9F8C-69F5F8B0B52F}.AppStore|x86.ActiveCfg = Release|Any CPU
		{BFC1F6CF-F985-4278-9F8C-69F5F8B0B52F}.AppStore|x86.Build.0 = Release|Any CPU
		{BFC1F6CF-F985-4278-9F8C-69F5F8B0B52F}.AppStore|x86.Deploy.0 = Release|Any CPU
		{BFC1F6CF-F985-4278-9F8C-69F5F8B0B52F}.Debug|Any CPU.ActiveCfg = Debug|Any CPU
		{BFC1F6CF-F985-4278-9F8C-69F5F8B0B52F}.Debug|Any CPU.Build.0 = Debug|Any CPU
		{BFC1F6CF-F985-4278-9F8C-69F5F8B0B52F}.Debug|Any CPU.Deploy.0 = Debug|Any CPU
		{BFC1F6CF-F985-4278-9F8C-69F5F8B0B52F}.Debug|ARM.ActiveCfg = Debug|Any CPU
		{BFC1F6CF-F985-4278-9F8C-69F5F8B0B52F}.Debug|ARM.Build.0 = Debug|Any CPU
		{BFC1F6CF-F985-4278-9F8C-69F5F8B0B52F}.Debug|ARM.Deploy.0 = Debug|Any CPU
		{BFC1F6CF-F985-4278-9F8C-69F5F8B0B52F}.Debug|iPhone.ActiveCfg = Debug|Any CPU
		{BFC1F6CF-F985-4278-9F8C-69F5F8B0B52F}.Debug|iPhone.Build.0 = Debug|Any CPU
		{BFC1F6CF-F985-4278-9F8C-69F5F8B0B52F}.Debug|iPhone.Deploy.0 = Debug|Any CPU
		{BFC1F6CF-F985-4278-9F8C-69F5F8B0B52F}.Debug|iPhoneSimulator.ActiveCfg = Debug|Any CPU
		{BFC1F6CF-F985-4278-9F8C-69F5F8B0B52F}.Debug|iPhoneSimulator.Build.0 = Debug|Any CPU
		{BFC1F6CF-F985-4278-9F8C-69F5F8B0B52F}.Debug|iPhoneSimulator.Deploy.0 = Debug|Any CPU
		{BFC1F6CF-F985-4278-9F8C-69F5F8B0B52F}.Debug|x64.ActiveCfg = Debug|Any CPU
		{BFC1F6CF-F985-4278-9F8C-69F5F8B0B52F}.Debug|x64.Build.0 = Debug|Any CPU
		{BFC1F6CF-F985-4278-9F8C-69F5F8B0B52F}.Debug|x64.Deploy.0 = Debug|Any CPU
		{BFC1F6CF-F985-4278-9F8C-69F5F8B0B52F}.Debug|x86.ActiveCfg = Debug|Any CPU
		{BFC1F6CF-F985-4278-9F8C-69F5F8B0B52F}.Debug|x86.Build.0 = Debug|Any CPU
		{BFC1F6CF-F985-4278-9F8C-69F5F8B0B52F}.Debug|x86.Deploy.0 = Debug|Any CPU
		{BFC1F6CF-F985-4278-9F8C-69F5F8B0B52F}.Release|Any CPU.ActiveCfg = Release|Any CPU
		{BFC1F6CF-F985-4278-9F8C-69F5F8B0B52F}.Release|Any CPU.Build.0 = Release|Any CPU
		{BFC1F6CF-F985-4278-9F8C-69F5F8B0B52F}.Release|Any CPU.Deploy.0 = Release|Any CPU
		{BFC1F6CF-F985-4278-9F8C-69F5F8B0B52F}.Release|ARM.ActiveCfg = Release|Any CPU
		{BFC1F6CF-F985-4278-9F8C-69F5F8B0B52F}.Release|ARM.Build.0 = Release|Any CPU
		{BFC1F6CF-F985-4278-9F8C-69F5F8B0B52F}.Release|ARM.Deploy.0 = Release|Any CPU
		{BFC1F6CF-F985-4278-9F8C-69F5F8B0B52F}.Release|iPhone.ActiveCfg = Release|Any CPU
		{BFC1F6CF-F985-4278-9F8C-69F5F8B0B52F}.Release|iPhone.Build.0 = Release|Any CPU
		{BFC1F6CF-F985-4278-9F8C-69F5F8B0B52F}.Release|iPhone.Deploy.0 = Release|Any CPU
		{BFC1F6CF-F985-4278-9F8C-69F5F8B0B52F}.Release|iPhoneSimulator.ActiveCfg = Release|Any CPU
		{BFC1F6CF-F985-4278-9F8C-69F5F8B0B52F}.Release|iPhoneSimulator.Build.0 = Release|Any CPU
		{BFC1F6CF-F985-4278-9F8C-69F5F8B0B52F}.Release|iPhoneSimulator.Deploy.0 = Release|Any CPU
		{BFC1F6CF-F985-4278-9F8C-69F5F8B0B52F}.Release|x64.ActiveCfg = Release|Any CPU
		{BFC1F6CF-F985-4278-9F8C-69F5F8B0B52F}.Release|x64.Build.0 = Release|Any CPU
		{BFC1F6CF-F985-4278-9F8C-69F5F8B0B52F}.Release|x64.Deploy.0 = Release|Any CPU
		{BFC1F6CF-F985-4278-9F8C-69F5F8B0B52F}.Release|x86.ActiveCfg = Release|Any CPU
		{BFC1F6CF-F985-4278-9F8C-69F5F8B0B52F}.Release|x86.Build.0 = Release|Any CPU
		{BFC1F6CF-F985-4278-9F8C-69F5F8B0B52F}.Release|x86.Deploy.0 = Release|Any CPU
		{254E2E6C-24E3-48C8-935F-C9E97DEC8578}.Ad-Hoc|Any CPU.ActiveCfg = Ad-Hoc|iPhone
		{254E2E6C-24E3-48C8-935F-C9E97DEC8578}.Ad-Hoc|Any CPU.Build.0 = Ad-Hoc|iPhone
		{254E2E6C-24E3-48C8-935F-C9E97DEC8578}.Ad-Hoc|Any CPU.Deploy.0 = Ad-Hoc|iPhone
		{254E2E6C-24E3-48C8-935F-C9E97DEC8578}.Ad-Hoc|ARM.ActiveCfg = Ad-Hoc|iPhone
		{254E2E6C-24E3-48C8-935F-C9E97DEC8578}.Ad-Hoc|ARM.Build.0 = Ad-Hoc|iPhone
		{254E2E6C-24E3-48C8-935F-C9E97DEC8578}.Ad-Hoc|ARM.Deploy.0 = Ad-Hoc|iPhone
		{254E2E6C-24E3-48C8-935F-C9E97DEC8578}.Ad-Hoc|iPhone.ActiveCfg = Ad-Hoc|iPhone
		{254E2E6C-24E3-48C8-935F-C9E97DEC8578}.Ad-Hoc|iPhone.Build.0 = Ad-Hoc|iPhone
		{254E2E6C-24E3-48C8-935F-C9E97DEC8578}.Ad-Hoc|iPhone.Deploy.0 = Ad-Hoc|iPhone
		{254E2E6C-24E3-48C8-935F-C9E97DEC8578}.Ad-Hoc|iPhoneSimulator.ActiveCfg = Ad-Hoc|iPhoneSimulator
		{254E2E6C-24E3-48C8-935F-C9E97DEC8578}.Ad-Hoc|iPhoneSimulator.Build.0 = Ad-Hoc|iPhoneSimulator
		{254E2E6C-24E3-48C8-935F-C9E97DEC8578}.Ad-Hoc|iPhoneSimulator.Deploy.0 = Ad-Hoc|iPhoneSimulator
		{254E2E6C-24E3-48C8-935F-C9E97DEC8578}.Ad-Hoc|x64.ActiveCfg = Ad-Hoc|iPhone
		{254E2E6C-24E3-48C8-935F-C9E97DEC8578}.Ad-Hoc|x64.Build.0 = Ad-Hoc|iPhone
		{254E2E6C-24E3-48C8-935F-C9E97DEC8578}.Ad-Hoc|x64.Deploy.0 = Ad-Hoc|iPhone
		{254E2E6C-24E3-48C8-935F-C9E97DEC8578}.Ad-Hoc|x86.ActiveCfg = Ad-Hoc|iPhone
		{254E2E6C-24E3-48C8-935F-C9E97DEC8578}.Ad-Hoc|x86.Build.0 = Ad-Hoc|iPhone
		{254E2E6C-24E3-48C8-935F-C9E97DEC8578}.Ad-Hoc|x86.Deploy.0 = Ad-Hoc|iPhone
		{254E2E6C-24E3-48C8-935F-C9E97DEC8578}.AppStore|Any CPU.ActiveCfg = AppStore|iPhone
		{254E2E6C-24E3-48C8-935F-C9E97DEC8578}.AppStore|Any CPU.Build.0 = AppStore|iPhone
		{254E2E6C-24E3-48C8-935F-C9E97DEC8578}.AppStore|Any CPU.Deploy.0 = AppStore|iPhone
		{254E2E6C-24E3-48C8-935F-C9E97DEC8578}.AppStore|ARM.ActiveCfg = AppStore|iPhone
		{254E2E6C-24E3-48C8-935F-C9E97DEC8578}.AppStore|ARM.Build.0 = AppStore|iPhone
		{254E2E6C-24E3-48C8-935F-C9E97DEC8578}.AppStore|ARM.Deploy.0 = AppStore|iPhone
		{254E2E6C-24E3-48C8-935F-C9E97DEC8578}.AppStore|iPhone.ActiveCfg = AppStore|iPhone
		{254E2E6C-24E3-48C8-935F-C9E97DEC8578}.AppStore|iPhone.Build.0 = AppStore|iPhone
		{254E2E6C-24E3-48C8-935F-C9E97DEC8578}.AppStore|iPhone.Deploy.0 = AppStore|iPhone
		{254E2E6C-24E3-48C8-935F-C9E97DEC8578}.AppStore|iPhoneSimulator.ActiveCfg = AppStore|iPhoneSimulator
		{254E2E6C-24E3-48C8-935F-C9E97DEC8578}.AppStore|iPhoneSimulator.Build.0 = AppStore|iPhoneSimulator
		{254E2E6C-24E3-48C8-935F-C9E97DEC8578}.AppStore|iPhoneSimulator.Deploy.0 = AppStore|iPhoneSimulator
		{254E2E6C-24E3-48C8-935F-C9E97DEC8578}.AppStore|x64.ActiveCfg = AppStore|iPhone
		{254E2E6C-24E3-48C8-935F-C9E97DEC8578}.AppStore|x64.Build.0 = AppStore|iPhone
		{254E2E6C-24E3-48C8-935F-C9E97DEC8578}.AppStore|x64.Deploy.0 = AppStore|iPhone
		{254E2E6C-24E3-48C8-935F-C9E97DEC8578}.AppStore|x86.ActiveCfg = AppStore|iPhone
		{254E2E6C-24E3-48C8-935F-C9E97DEC8578}.AppStore|x86.Build.0 = AppStore|iPhone
		{254E2E6C-24E3-48C8-935F-C9E97DEC8578}.AppStore|x86.Deploy.0 = AppStore|iPhone
		{254E2E6C-24E3-48C8-935F-C9E97DEC8578}.Debug|Any CPU.ActiveCfg = Debug|iPhoneSimulator
		{254E2E6C-24E3-48C8-935F-C9E97DEC8578}.Debug|Any CPU.Build.0 = Debug|iPhoneSimulator
		{254E2E6C-24E3-48C8-935F-C9E97DEC8578}.Debug|Any CPU.Deploy.0 = Debug|iPhoneSimulator
		{254E2E6C-24E3-48C8-935F-C9E97DEC8578}.Debug|ARM.ActiveCfg = Debug|iPhone
		{254E2E6C-24E3-48C8-935F-C9E97DEC8578}.Debug|ARM.Build.0 = Debug|iPhone
		{254E2E6C-24E3-48C8-935F-C9E97DEC8578}.Debug|ARM.Deploy.0 = Debug|iPhone
		{254E2E6C-24E3-48C8-935F-C9E97DEC8578}.Debug|iPhone.ActiveCfg = Debug|iPhone
		{254E2E6C-24E3-48C8-935F-C9E97DEC8578}.Debug|iPhone.Build.0 = Debug|iPhone
		{254E2E6C-24E3-48C8-935F-C9E97DEC8578}.Debug|iPhone.Deploy.0 = Debug|iPhone
		{254E2E6C-24E3-48C8-935F-C9E97DEC8578}.Debug|iPhoneSimulator.ActiveCfg = Debug|iPhoneSimulator
		{254E2E6C-24E3-48C8-935F-C9E97DEC8578}.Debug|iPhoneSimulator.Build.0 = Debug|iPhoneSimulator
		{254E2E6C-24E3-48C8-935F-C9E97DEC8578}.Debug|iPhoneSimulator.Deploy.0 = Debug|iPhoneSimulator
		{254E2E6C-24E3-48C8-935F-C9E97DEC8578}.Debug|x64.ActiveCfg = Debug|iPhone
		{254E2E6C-24E3-48C8-935F-C9E97DEC8578}.Debug|x64.Build.0 = Debug|iPhone
		{254E2E6C-24E3-48C8-935F-C9E97DEC8578}.Debug|x64.Deploy.0 = Debug|iPhone
		{254E2E6C-24E3-48C8-935F-C9E97DEC8578}.Debug|x86.ActiveCfg = Debug|iPhone
		{254E2E6C-24E3-48C8-935F-C9E97DEC8578}.Debug|x86.Build.0 = Debug|iPhone
		{254E2E6C-24E3-48C8-935F-C9E97DEC8578}.Debug|x86.Deploy.0 = Debug|iPhone
		{254E2E6C-24E3-48C8-935F-C9E97DEC8578}.Release|Any CPU.ActiveCfg = Release|iPhone
		{254E2E6C-24E3-48C8-935F-C9E97DEC8578}.Release|Any CPU.Build.0 = Release|iPhone
		{254E2E6C-24E3-48C8-935F-C9E97DEC8578}.Release|Any CPU.Deploy.0 = Release|iPhone
		{254E2E6C-24E3-48C8-935F-C9E97DEC8578}.Release|ARM.ActiveCfg = Release|iPhone
		{254E2E6C-24E3-48C8-935F-C9E97DEC8578}.Release|ARM.Build.0 = Release|iPhone
		{254E2E6C-24E3-48C8-935F-C9E97DEC8578}.Release|ARM.Deploy.0 = Release|iPhone
		{254E2E6C-24E3-48C8-935F-C9E97DEC8578}.Release|iPhone.ActiveCfg = Release|iPhone
		{254E2E6C-24E3-48C8-935F-C9E97DEC8578}.Release|iPhone.Build.0 = Release|iPhone
		{254E2E6C-24E3-48C8-935F-C9E97DEC8578}.Release|iPhone.Deploy.0 = Release|iPhone
		{254E2E6C-24E3-48C8-935F-C9E97DEC8578}.Release|iPhoneSimulator.ActiveCfg = Release|iPhoneSimulator
		{254E2E6C-24E3-48C8-935F-C9E97DEC8578}.Release|iPhoneSimulator.Build.0 = Release|iPhoneSimulator
		{254E2E6C-24E3-48C8-935F-C9E97DEC8578}.Release|iPhoneSimulator.Deploy.0 = Release|iPhoneSimulator
		{254E2E6C-24E3-48C8-935F-C9E97DEC8578}.Release|x64.ActiveCfg = Release|iPhone
		{254E2E6C-24E3-48C8-935F-C9E97DEC8578}.Release|x64.Build.0 = Release|iPhone
		{254E2E6C-24E3-48C8-935F-C9E97DEC8578}.Release|x64.Deploy.0 = Release|iPhone
		{254E2E6C-24E3-48C8-935F-C9E97DEC8578}.Release|x86.ActiveCfg = Release|iPhone
		{254E2E6C-24E3-48C8-935F-C9E97DEC8578}.Release|x86.Build.0 = Release|iPhone
		{254E2E6C-24E3-48C8-935F-C9E97DEC8578}.Release|x86.Deploy.0 = Release|iPhone
		{7D5D94F4-4D3F-477B-856F-541E5590F539}.Ad-Hoc|Any CPU.ActiveCfg = Release|x86
		{7D5D94F4-4D3F-477B-856F-541E5590F539}.Ad-Hoc|Any CPU.Build.0 = Release|x86
		{7D5D94F4-4D3F-477B-856F-541E5590F539}.Ad-Hoc|Any CPU.Deploy.0 = Release|x86
		{7D5D94F4-4D3F-477B-856F-541E5590F539}.Ad-Hoc|ARM.ActiveCfg = Release|ARM
		{7D5D94F4-4D3F-477B-856F-541E5590F539}.Ad-Hoc|ARM.Build.0 = Release|ARM
		{7D5D94F4-4D3F-477B-856F-541E5590F539}.Ad-Hoc|ARM.Deploy.0 = Release|ARM
		{7D5D94F4-4D3F-477B-856F-541E5590F539}.Ad-Hoc|iPhone.ActiveCfg = Release|x86
		{7D5D94F4-4D3F-477B-856F-541E5590F539}.Ad-Hoc|iPhone.Build.0 = Release|x86
		{7D5D94F4-4D3F-477B-856F-541E5590F539}.Ad-Hoc|iPhone.Deploy.0 = Release|x86
		{7D5D94F4-4D3F-477B-856F-541E5590F539}.Ad-Hoc|iPhoneSimulator.ActiveCfg = Release|x86
		{7D5D94F4-4D3F-477B-856F-541E5590F539}.Ad-Hoc|iPhoneSimulator.Build.0 = Release|x86
		{7D5D94F4-4D3F-477B-856F-541E5590F539}.Ad-Hoc|iPhoneSimulator.Deploy.0 = Release|x86
		{7D5D94F4-4D3F-477B-856F-541E5590F539}.Ad-Hoc|x64.ActiveCfg = Release|x64
		{7D5D94F4-4D3F-477B-856F-541E5590F539}.Ad-Hoc|x64.Build.0 = Release|x64
		{7D5D94F4-4D3F-477B-856F-541E5590F539}.Ad-Hoc|x64.Deploy.0 = Release|x64
		{7D5D94F4-4D3F-477B-856F-541E5590F539}.Ad-Hoc|x86.ActiveCfg = Release|x86
		{7D5D94F4-4D3F-477B-856F-541E5590F539}.Ad-Hoc|x86.Build.0 = Release|x86
		{7D5D94F4-4D3F-477B-856F-541E5590F539}.Ad-Hoc|x86.Deploy.0 = Release|x86
		{7D5D94F4-4D3F-477B-856F-541E5590F539}.AppStore|Any CPU.ActiveCfg = Release|x86
		{7D5D94F4-4D3F-477B-856F-541E5590F539}.AppStore|Any CPU.Build.0 = Release|x86
		{7D5D94F4-4D3F-477B-856F-541E5590F539}.AppStore|Any CPU.Deploy.0 = Release|x86
		{7D5D94F4-4D3F-477B-856F-541E5590F539}.AppStore|ARM.ActiveCfg = Release|ARM
		{7D5D94F4-4D3F-477B-856F-541E5590F539}.AppStore|ARM.Build.0 = Release|ARM
		{7D5D94F4-4D3F-477B-856F-541E5590F539}.AppStore|ARM.Deploy.0 = Release|ARM
		{7D5D94F4-4D3F-477B-856F-541E5590F539}.AppStore|iPhone.ActiveCfg = Release|x86
		{7D5D94F4-4D3F-477B-856F-541E5590F539}.AppStore|iPhone.Build.0 = Release|x86
		{7D5D94F4-4D3F-477B-856F-541E5590F539}.AppStore|iPhone.Deploy.0 = Release|x86
		{7D5D94F4-4D3F-477B-856F-541E5590F539}.AppStore|iPhoneSimulator.ActiveCfg = Release|x86
		{7D5D94F4-4D3F-477B-856F-541E5590F539}.AppStore|iPhoneSimulator.Build.0 = Release|x86
		{7D5D94F4-4D3F-477B-856F-541E5590F539}.AppStore|iPhoneSimulator.Deploy.0 = Release|x86
		{7D5D94F4-4D3F-477B-856F-541E5590F539}.AppStore|x64.ActiveCfg = Release|x64
		{7D5D94F4-4D3F-477B-856F-541E5590F539}.AppStore|x64.Build.0 = Release|x64
		{7D5D94F4-4D3F-477B-856F-541E5590F539}.AppStore|x64.Deploy.0 = Release|x64
		{7D5D94F4-4D3F-477B-856F-541E5590F539}.AppStore|x86.ActiveCfg = Release|x86
		{7D5D94F4-4D3F-477B-856F-541E5590F539}.AppStore|x86.Build.0 = Release|x86
		{7D5D94F4-4D3F-477B-856F-541E5590F539}.AppStore|x86.Deploy.0 = Release|x86
		{7D5D94F4-4D3F-477B-856F-541E5590F539}.Debug|Any CPU.ActiveCfg = Debug|x86
		{7D5D94F4-4D3F-477B-856F-541E5590F539}.Debug|Any CPU.Build.0 = Debug|x86
		{7D5D94F4-4D3F-477B-856F-541E5590F539}.Debug|Any CPU.Deploy.0 = Debug|x86
		{7D5D94F4-4D3F-477B-856F-541E5590F539}.Debug|ARM.ActiveCfg = Debug|ARM
		{7D5D94F4-4D3F-477B-856F-541E5590F539}.Debug|ARM.Build.0 = Debug|ARM
		{7D5D94F4-4D3F-477B-856F-541E5590F539}.Debug|ARM.Deploy.0 = Debug|ARM
		{7D5D94F4-4D3F-477B-856F-541E5590F539}.Debug|iPhone.ActiveCfg = Debug|x86
		{7D5D94F4-4D3F-477B-856F-541E5590F539}.Debug|iPhone.Build.0 = Debug|x86
		{7D5D94F4-4D3F-477B-856F-541E5590F539}.Debug|iPhone.Deploy.0 = Debug|x86
		{7D5D94F4-4D3F-477B-856F-541E5590F539}.Debug|iPhoneSimulator.ActiveCfg = Debug|x86
		{7D5D94F4-4D3F-477B-856F-541E5590F539}.Debug|iPhoneSimulator.Build.0 = Debug|x86
		{7D5D94F4-4D3F-477B-856F-541E5590F539}.Debug|iPhoneSimulator.Deploy.0 = Debug|x86
		{7D5D94F4-4D3F-477B-856F-541E5590F539}.Debug|x64.ActiveCfg = Debug|x64
		{7D5D94F4-4D3F-477B-856F-541E5590F539}.Debug|x64.Build.0 = Debug|x64
		{7D5D94F4-4D3F-477B-856F-541E5590F539}.Debug|x64.Deploy.0 = Debug|x64
		{7D5D94F4-4D3F-477B-856F-541E5590F539}.Debug|x86.ActiveCfg = Debug|x86
		{7D5D94F4-4D3F-477B-856F-541E5590F539}.Debug|x86.Build.0 = Debug|x86
		{7D5D94F4-4D3F-477B-856F-541E5590F539}.Debug|x86.Deploy.0 = Debug|x86
		{7D5D94F4-4D3F-477B-856F-541E5590F539}.Release|Any CPU.ActiveCfg = Release|x86
		{7D5D94F4-4D3F-477B-856F-541E5590F539}.Release|Any CPU.Build.0 = Release|x86
		{7D5D94F4-4D3F-477B-856F-541E5590F539}.Release|Any CPU.Deploy.0 = Release|x86
		{7D5D94F4-4D3F-477B-856F-541E5590F539}.Release|ARM.ActiveCfg = Release|ARM
		{7D5D94F4-4D3F-477B-856F-541E5590F539}.Release|ARM.Build.0 = Release|ARM
		{7D5D94F4-4D3F-477B-856F-541E5590F539}.Release|ARM.Deploy.0 = Release|ARM
		{7D5D94F4-4D3F-477B-856F-541E5590F539}.Release|iPhone.ActiveCfg = Release|x86
		{7D5D94F4-4D3F-477B-856F-541E5590F539}.Release|iPhone.Build.0 = Release|x86
		{7D5D94F4-4D3F-477B-856F-541E5590F539}.Release|iPhone.Deploy.0 = Release|x86
		{7D5D94F4-4D3F-477B-856F-541E5590F539}.Release|iPhoneSimulator.ActiveCfg = Release|x86
		{7D5D94F4-4D3F-477B-856F-541E5590F539}.Release|iPhoneSimulator.Build.0 = Release|x86
		{7D5D94F4-4D3F-477B-856F-541E5590F539}.Release|iPhoneSimulator.Deploy.0 = Release|x86
		{7D5D94F4-4D3F-477B-856F-541E5590F539}.Release|x64.ActiveCfg = Release|x64
		{7D5D94F4-4D3F-477B-856F-541E5590F539}.Release|x64.Build.0 = Release|x64
		{7D5D94F4-4D3F-477B-856F-541E5590F539}.Release|x64.Deploy.0 = Release|x64
		{7D5D94F4-4D3F-477B-856F-541E5590F539}.Release|x86.ActiveCfg = Release|x86
		{7D5D94F4-4D3F-477B-856F-541E5590F539}.Release|x86.Build.0 = Release|x86
		{7D5D94F4-4D3F-477B-856F-541E5590F539}.Release|x86.Deploy.0 = Release|x86
		{25E1C051-7D9F-4C78-B5BE-78D7999FC86D}.Ad-Hoc|Any CPU.ActiveCfg = Debug|Any CPU
		{25E1C051-7D9F-4C78-B5BE-78D7999FC86D}.Ad-Hoc|Any CPU.Build.0 = Debug|Any CPU
		{25E1C051-7D9F-4C78-B5BE-78D7999FC86D}.Ad-Hoc|Any CPU.Deploy.0 = Debug|Any CPU
		{25E1C051-7D9F-4C78-B5BE-78D7999FC86D}.Ad-Hoc|ARM.ActiveCfg = Debug|Any CPU
		{25E1C051-7D9F-4C78-B5BE-78D7999FC86D}.Ad-Hoc|ARM.Build.0 = Debug|Any CPU
		{25E1C051-7D9F-4C78-B5BE-78D7999FC86D}.Ad-Hoc|ARM.Deploy.0 = Debug|Any CPU
		{25E1C051-7D9F-4C78-B5BE-78D7999FC86D}.Ad-Hoc|iPhone.ActiveCfg = Debug|Any CPU
		{25E1C051-7D9F-4C78-B5BE-78D7999FC86D}.Ad-Hoc|iPhone.Build.0 = Debug|Any CPU
		{25E1C051-7D9F-4C78-B5BE-78D7999FC86D}.Ad-Hoc|iPhone.Deploy.0 = Debug|Any CPU
		{25E1C051-7D9F-4C78-B5BE-78D7999FC86D}.Ad-Hoc|iPhoneSimulator.ActiveCfg = Debug|Any CPU
		{25E1C051-7D9F-4C78-B5BE-78D7999FC86D}.Ad-Hoc|iPhoneSimulator.Build.0 = Debug|Any CPU
		{25E1C051-7D9F-4C78-B5BE-78D7999FC86D}.Ad-Hoc|iPhoneSimulator.Deploy.0 = Debug|Any CPU
		{25E1C051-7D9F-4C78-B5BE-78D7999FC86D}.Ad-Hoc|x64.ActiveCfg = Debug|Any CPU
		{25E1C051-7D9F-4C78-B5BE-78D7999FC86D}.Ad-Hoc|x64.Build.0 = Debug|Any CPU
		{25E1C051-7D9F-4C78-B5BE-78D7999FC86D}.Ad-Hoc|x64.Deploy.0 = Debug|Any CPU
		{25E1C051-7D9F-4C78-B5BE-78D7999FC86D}.Ad-Hoc|x86.ActiveCfg = Debug|Any CPU
		{25E1C051-7D9F-4C78-B5BE-78D7999FC86D}.Ad-Hoc|x86.Build.0 = Debug|Any CPU
		{25E1C051-7D9F-4C78-B5BE-78D7999FC86D}.Ad-Hoc|x86.Deploy.0 = Debug|Any CPU
		{25E1C051-7D9F-4C78-B5BE-78D7999FC86D}.AppStore|Any CPU.ActiveCfg = Debug|Any CPU
		{25E1C051-7D9F-4C78-B5BE-78D7999FC86D}.AppStore|Any CPU.Build.0 = Debug|Any CPU
		{25E1C051-7D9F-4C78-B5BE-78D7999FC86D}.AppStore|Any CPU.Deploy.0 = Debug|Any CPU
		{25E1C051-7D9F-4C78-B5BE-78D7999FC86D}.AppStore|ARM.ActiveCfg = Debug|Any CPU
		{25E1C051-7D9F-4C78-B5BE-78D7999FC86D}.AppStore|ARM.Build.0 = Debug|Any CPU
		{25E1C051-7D9F-4C78-B5BE-78D7999FC86D}.AppStore|ARM.Deploy.0 = Debug|Any CPU
		{25E1C051-7D9F-4C78-B5BE-78D7999FC86D}.AppStore|iPhone.ActiveCfg = Debug|Any CPU
		{25E1C051-7D9F-4C78-B5BE-78D7999FC86D}.AppStore|iPhone.Build.0 = Debug|Any CPU
		{25E1C051-7D9F-4C78-B5BE-78D7999FC86D}.AppStore|iPhone.Deploy.0 = Debug|Any CPU
		{25E1C051-7D9F-4C78-B5BE-78D7999FC86D}.AppStore|iPhoneSimulator.ActiveCfg = Debug|Any CPU
		{25E1C051-7D9F-4C78-B5BE-78D7999FC86D}.AppStore|iPhoneSimulator.Build.0 = Debug|Any CPU
		{25E1C051-7D9F-4C78-B5BE-78D7999FC86D}.AppStore|iPhoneSimulator.Deploy.0 = Debug|Any CPU
		{25E1C051-7D9F-4C78-B5BE-78D7999FC86D}.AppStore|x64.ActiveCfg = Debug|Any CPU
		{25E1C051-7D9F-4C78-B5BE-78D7999FC86D}.AppStore|x64.Build.0 = Debug|Any CPU
		{25E1C051-7D9F-4C78-B5BE-78D7999FC86D}.AppStore|x64.Deploy.0 = Debug|Any CPU
		{25E1C051-7D9F-4C78-B5BE-78D7999FC86D}.AppStore|x86.ActiveCfg = Debug|Any CPU
		{25E1C051-7D9F-4C78-B5BE-78D7999FC86D}.AppStore|x86.Build.0 = Debug|Any CPU
		{25E1C051-7D9F-4C78-B5BE-78D7999FC86D}.AppStore|x86.Deploy.0 = Debug|Any CPU
		{25E1C051-7D9F-4C78-B5BE-78D7999FC86D}.Debug|Any CPU.ActiveCfg = Debug|Any CPU
		{25E1C051-7D9F-4C78-B5BE-78D7999FC86D}.Debug|Any CPU.Build.0 = Debug|Any CPU
		{25E1C051-7D9F-4C78-B5BE-78D7999FC86D}.Debug|Any CPU.Deploy.0 = Debug|Any CPU
		{25E1C051-7D9F-4C78-B5BE-78D7999FC86D}.Debug|ARM.ActiveCfg = Debug|Any CPU
		{25E1C051-7D9F-4C78-B5BE-78D7999FC86D}.Debug|ARM.Build.0 = Debug|Any CPU
		{25E1C051-7D9F-4C78-B5BE-78D7999FC86D}.Debug|ARM.Deploy.0 = Debug|Any CPU
		{25E1C051-7D9F-4C78-B5BE-78D7999FC86D}.Debug|iPhone.ActiveCfg = Debug|Any CPU
		{25E1C051-7D9F-4C78-B5BE-78D7999FC86D}.Debug|iPhone.Build.0 = Debug|Any CPU
		{25E1C051-7D9F-4C78-B5BE-78D7999FC86D}.Debug|iPhone.Deploy.0 = Debug|Any CPU
		{25E1C051-7D9F-4C78-B5BE-78D7999FC86D}.Debug|iPhoneSimulator.ActiveCfg = Debug|Any CPU
		{25E1C051-7D9F-4C78-B5BE-78D7999FC86D}.Debug|iPhoneSimulator.Build.0 = Debug|Any CPU
		{25E1C051-7D9F-4C78-B5BE-78D7999FC86D}.Debug|iPhoneSimulator.Deploy.0 = Debug|Any CPU
		{25E1C051-7D9F-4C78-B5BE-78D7999FC86D}.Debug|x64.ActiveCfg = Debug|Any CPU
		{25E1C051-7D9F-4C78-B5BE-78D7999FC86D}.Debug|x64.Build.0 = Debug|Any CPU
		{25E1C051-7D9F-4C78-B5BE-78D7999FC86D}.Debug|x64.Deploy.0 = Debug|Any CPU
		{25E1C051-7D9F-4C78-B5BE-78D7999FC86D}.Debug|x86.ActiveCfg = Debug|Any CPU
		{25E1C051-7D9F-4C78-B5BE-78D7999FC86D}.Debug|x86.Build.0 = Debug|Any CPU
		{25E1C051-7D9F-4C78-B5BE-78D7999FC86D}.Debug|x86.Deploy.0 = Debug|Any CPU
		{25E1C051-7D9F-4C78-B5BE-78D7999FC86D}.Release|Any CPU.ActiveCfg = Release|Any CPU
		{25E1C051-7D9F-4C78-B5BE-78D7999FC86D}.Release|Any CPU.Build.0 = Release|Any CPU
		{25E1C051-7D9F-4C78-B5BE-78D7999FC86D}.Release|Any CPU.Deploy.0 = Release|Any CPU
		{25E1C051-7D9F-4C78-B5BE-78D7999FC86D}.Release|ARM.ActiveCfg = Release|Any CPU
		{25E1C051-7D9F-4C78-B5BE-78D7999FC86D}.Release|ARM.Build.0 = Release|Any CPU
		{25E1C051-7D9F-4C78-B5BE-78D7999FC86D}.Release|ARM.Deploy.0 = Release|Any CPU
		{25E1C051-7D9F-4C78-B5BE-78D7999FC86D}.Release|iPhone.ActiveCfg = Release|Any CPU
		{25E1C051-7D9F-4C78-B5BE-78D7999FC86D}.Release|iPhone.Build.0 = Release|Any CPU
		{25E1C051-7D9F-4C78-B5BE-78D7999FC86D}.Release|iPhone.Deploy.0 = Release|Any CPU
		{25E1C051-7D9F-4C78-B5BE-78D7999FC86D}.Release|iPhoneSimulator.ActiveCfg = Release|Any CPU
		{25E1C051-7D9F-4C78-B5BE-78D7999FC86D}.Release|iPhoneSimulator.Build.0 = Release|Any CPU
		{25E1C051-7D9F-4C78-B5BE-78D7999FC86D}.Release|iPhoneSimulator.Deploy.0 = Release|Any CPU
		{25E1C051-7D9F-4C78-B5BE-78D7999FC86D}.Release|x64.ActiveCfg = Release|Any CPU
		{25E1C051-7D9F-4C78-B5BE-78D7999FC86D}.Release|x64.Build.0 = Release|Any CPU
		{25E1C051-7D9F-4C78-B5BE-78D7999FC86D}.Release|x64.Deploy.0 = Release|Any CPU
		{25E1C051-7D9F-4C78-B5BE-78D7999FC86D}.Release|x86.ActiveCfg = Release|Any CPU
		{25E1C051-7D9F-4C78-B5BE-78D7999FC86D}.Release|x86.Build.0 = Release|Any CPU
		{25E1C051-7D9F-4C78-B5BE-78D7999FC86D}.Release|x86.Deploy.0 = Release|Any CPU
	EndGlobalSection
	GlobalSection(SolutionProperties) = preSolution
		HideSolutionNode = FALSE
	EndGlobalSection
	GlobalSection(ExtensibilityGlobals) = postSolution
		SolutionGuid = {E066C7DA-CD84-4AAE-AE05-CFF558378603}
	EndGlobalSection
EndGlobal
